
Microsoft Visual Studio Solution File, Format Version 12.00
# Visual Studio Version 16
VisualStudioVersion = 16.0.29613.14
MinimumVisualStudioVersion = 10.0.40219.1
Project("{9A19103F-16F7-4668-BE54-9A1E7A4F7556}") = "AppConsole", "AppConsole.csproj", "{70C24077-5395-480E-8855-3BAA3C640F53}"
EndProject
Project("{FAE04EC0-301F-11D3-BF4B-00C04F79EFBC}") = "Componentes", "..\Componentes\Componentes.csproj", "{DC76B02D-4CD1-4E42-8D6A-EB0236721F78}"
EndProject
Global
	GlobalSection(SolutionConfigurationPlatforms) = preSolution
		Debug|Any CPU = Debug|Any CPU
		Release|Any CPU = Release|Any CPU
	EndGlobalSection
	GlobalSection(ProjectConfigurationPlatforms) = postSolution
		{70C24077-5395-480E-8855-3BAA3C640F53}.Debug|Any CPU.ActiveCfg = Debug|Any CPU
		{70C24077-5395-480E-8855-3BAA3C640F53}.Debug|Any CPU.Build.0 = Debug|Any CPU
		{70C24077-5395-480E-8855-3BAA3C640F53}.Release|Any CPU.ActiveCfg = Release|Any CPU
		{70C24077-5395-480E-8855-3BAA3C640F53}.Release|Any CPU.Build.0 = Release|Any CPU
		{DC76B02D-4CD1-4E42-8D6A-EB0236721F78}.Debug|Any CPU.ActiveCfg = Debug|Any CPU
		{DC76B02D-4CD1-4E42-8D6A-EB0236721F78}.Debug|Any CPU.Build.0 = Debug|Any CPU
		{DC76B02D-4CD1-4E42-8D6A-EB0236721F78}.Release|Any CPU.ActiveCfg = Release|Any CPU
		{DC76B02D-4CD1-4E42-8D6A-EB0236721F78}.Release|Any CPU.Build.0 = Release|Any CPU
	EndGlobalSection
	GlobalSection(SolutionProperties) = preSolution
		HideSolutionNode = FALSE
	EndGlobalSection
	GlobalSection(ExtensibilityGlobals) = postSolution
		SolutionGuid = {A51217C4-2538-4193-A46A-EE0F5FF2FB01}
	EndGlobalSection
EndGlobal
