
Microsoft Visual Studio Solution File, Format Version 12.00
# Visual Studio Version 16
VisualStudioVersion = 16.0.29613.14
MinimumVisualStudioVersion = 10.0.40219.1
Project("{FAE04EC0-301F-11D3-BF4B-00C04F79EFBC}") = "Aplicativo", "Aplicativo.csproj", "{D438A2FB-0701-44B4-8E43-FDD575C4B3CD}"
EndProject
Global
	GlobalSection(SolutionConfigurationPlatforms) = preSolution
		Debug|Any CPU = Debug|Any CPU
		Release|Any CPU = Release|Any CPU
	EndGlobalSection
	GlobalSection(ProjectConfigurationPlatforms) = postSolution
		{D438A2FB-0701-44B4-8E43-FDD575C4B3CD}.Debug|Any CPU.ActiveCfg = Debug|Any CPU
		{D438A2FB-0701-44B4-8E43-FDD575C4B3CD}.Debug|Any CPU.Build.0 = Debug|Any CPU
		{D438A2FB-0701-44B4-8E43-FDD575C4B3CD}.Release|Any CPU.ActiveCfg = Release|Any CPU
		{D438A2FB-0701-44B4-8E43-FDD575C4B3CD}.Release|Any CPU.Build.0 = Release|Any CPU
	EndGlobalSection
	GlobalSection(SolutionProperties) = preSolution
		HideSolutionNode = FALSE
	EndGlobalSection
	GlobalSection(ExtensibilityGlobals) = postSolution
		SolutionGuid = {C2DCC48F-503B-4026-8279-847B238D2541}
	EndGlobalSection
EndGlobal
